// !$*UTF8*$!
{
	archiveVersion = 1;
	classes = {
	};
	objectVersion = 51;
	objects = {

/* Begin PBXBuildFile section */
		1ADC22B038B314AF77C1F6A0 /* Pods_LizBTests.framework in Frameworks */ = {isa = PBXBuildFile; fileRef = 49FC6A30504E8A4233E35BE3 /* Pods_LizBTests.framework */; };
		47911A5264F83E6D542FAC04 /* Pods_LizB.framework in Frameworks */ = {isa = PBXBuildFile; fileRef = 33B26F80EDC3C97E2BC44451 /* Pods_LizB.framework */; };
		4BB2DFE4EFB120909A59C63C /* Pods_LizB_LizBUITests.framework in Frameworks */ = {isa = PBXBuildFile; fileRef = CD9B2C171467F35002847AB3 /* Pods_LizB_LizBUITests.framework */; };
		5E38F916256582BC00A37A5F /* LizBApp.swift in Sources */ = {isa = PBXBuildFile; fileRef = 5E38F915256582BC00A37A5F /* LizBApp.swift */; };
		5E38F918256582BC00A37A5F /* OpenView.swift in Sources */ = {isa = PBXBuildFile; fileRef = 5E38F917256582BC00A37A5F /* OpenView.swift */; };
		5E38F91A256582BE00A37A5F /* Assets.xcassets in Resources */ = {isa = PBXBuildFile; fileRef = 5E38F919256582BE00A37A5F /* Assets.xcassets */; };
		5E38F91D256582BE00A37A5F /* Preview Assets.xcassets in Resources */ = {isa = PBXBuildFile; fileRef = 5E38F91C256582BE00A37A5F /* Preview Assets.xcassets */; };
		5E38F928256582BE00A37A5F /* LizBTests.swift in Sources */ = {isa = PBXBuildFile; fileRef = 5E38F927256582BE00A37A5F /* LizBTests.swift */; };
		5E38F933256582BE00A37A5F /* LizBUITests.swift in Sources */ = {isa = PBXBuildFile; fileRef = 5E38F932256582BE00A37A5F /* LizBUITests.swift */; };
		5E38F9442565831100A37A5F /* GoogleService-Info.plist in Resources */ = {isa = PBXBuildFile; fileRef = 5E38F9432565831100A37A5F /* GoogleService-Info.plist */; };
		5E3953162570C1C30079A81E /* FeedView.swift in Sources */ = {isa = PBXBuildFile; fileRef = 5E3953152570C1C30079A81E /* FeedView.swift */; };
		5E39531B2570C2080079A81E /* WorkoutView.swift in Sources */ = {isa = PBXBuildFile; fileRef = 5E39531A2570C2080079A81E /* WorkoutView.swift */; };
		5E3953202570C2920079A81E /* ProfileView.swift in Sources */ = {isa = PBXBuildFile; fileRef = 5E39531F2570C2920079A81E /* ProfileView.swift */; };
		5E409CB6256F0C1300899A19 /* LoginView.swift in Sources */ = {isa = PBXBuildFile; fileRef = 5E409CB5256F0C1300899A19 /* LoginView.swift */; };
		5E409CBE256F0CA600899A19 /* SignupView.swift in Sources */ = {isa = PBXBuildFile; fileRef = 5E409CBD256F0CA600899A19 /* SignupView.swift */; };
		5E62397425705042008F24BA /* HomeView.swift in Sources */ = {isa = PBXBuildFile; fileRef = 5E62397325705042008F24BA /* HomeView.swift */; };
/* End PBXBuildFile section */

/* Begin PBXContainerItemProxy section */
		5E38F924256582BE00A37A5F /* PBXContainerItemProxy */ = {
			isa = PBXContainerItemProxy;
			containerPortal = 5E38F90A256582BC00A37A5F /* Project object */;
			proxyType = 1;
			remoteGlobalIDString = 5E38F911256582BC00A37A5F;
			remoteInfo = LizB;
		};
		5E38F92F256582BE00A37A5F /* PBXContainerItemProxy */ = {
			isa = PBXContainerItemProxy;
			containerPortal = 5E38F90A256582BC00A37A5F /* Project object */;
			proxyType = 1;
			remoteGlobalIDString = 5E38F911256582BC00A37A5F;
			remoteInfo = LizB;
		};
/* End PBXContainerItemProxy section */

/* Begin PBXFileReference section */
		1534FD00B36B5A6D289A544F /* Pods-LizBTests.release.xcconfig */ = {isa = PBXFileReference; includeInIndex = 1; lastKnownFileType = text.xcconfig; name = "Pods-LizBTests.release.xcconfig"; path = "Target Support Files/Pods-LizBTests/Pods-LizBTests.release.xcconfig"; sourceTree = "<group>"; };
		23DF3E9AFD38F2F4ABD0C89D /* Pods-LizB-LizBUITests.debug.xcconfig */ = {isa = PBXFileReference; includeInIndex = 1; lastKnownFileType = text.xcconfig; name = "Pods-LizB-LizBUITests.debug.xcconfig"; path = "Target Support Files/Pods-LizB-LizBUITests/Pods-LizB-LizBUITests.debug.xcconfig"; sourceTree = "<group>"; };
		251416AA57EDC0F16609A212 /* Pods-LizB.debug.xcconfig */ = {isa = PBXFileReference; includeInIndex = 1; lastKnownFileType = text.xcconfig; name = "Pods-LizB.debug.xcconfig"; path = "Target Support Files/Pods-LizB/Pods-LizB.debug.xcconfig"; sourceTree = "<group>"; };
		33B26F80EDC3C97E2BC44451 /* Pods_LizB.framework */ = {isa = PBXFileReference; explicitFileType = wrapper.framework; includeInIndex = 0; path = Pods_LizB.framework; sourceTree = BUILT_PRODUCTS_DIR; };
		3EED9C3F350FCDD24D1F8E6D /* Pods-LizB.release.xcconfig */ = {isa = PBXFileReference; includeInIndex = 1; lastKnownFileType = text.xcconfig; name = "Pods-LizB.release.xcconfig"; path = "Target Support Files/Pods-LizB/Pods-LizB.release.xcconfig"; sourceTree = "<group>"; };
		49FC6A30504E8A4233E35BE3 /* Pods_LizBTests.framework */ = {isa = PBXFileReference; explicitFileType = wrapper.framework; includeInIndex = 0; path = Pods_LizBTests.framework; sourceTree = BUILT_PRODUCTS_DIR; };
		5E38F912256582BC00A37A5F /* LizB.app */ = {isa = PBXFileReference; explicitFileType = wrapper.application; includeInIndex = 0; path = LizB.app; sourceTree = BUILT_PRODUCTS_DIR; };
		5E38F915256582BC00A37A5F /* LizBApp.swift */ = {isa = PBXFileReference; lastKnownFileType = sourcecode.swift; path = LizBApp.swift; sourceTree = "<group>"; };
		5E38F917256582BC00A37A5F /* OpenView.swift */ = {isa = PBXFileReference; lastKnownFileType = sourcecode.swift; path = OpenView.swift; sourceTree = "<group>"; };
		5E38F919256582BE00A37A5F /* Assets.xcassets */ = {isa = PBXFileReference; lastKnownFileType = folder.assetcatalog; path = Assets.xcassets; sourceTree = "<group>"; };
		5E38F91C256582BE00A37A5F /* Preview Assets.xcassets */ = {isa = PBXFileReference; lastKnownFileType = folder.assetcatalog; path = "Preview Assets.xcassets"; sourceTree = "<group>"; };
		5E38F91E256582BE00A37A5F /* Info.plist */ = {isa = PBXFileReference; lastKnownFileType = text.plist.xml; path = Info.plist; sourceTree = "<group>"; };
		5E38F923256582BE00A37A5F /* LizBTests.xctest */ = {isa = PBXFileReference; explicitFileType = wrapper.cfbundle; includeInIndex = 0; path = LizBTests.xctest; sourceTree = BUILT_PRODUCTS_DIR; };
		5E38F927256582BE00A37A5F /* LizBTests.swift */ = {isa = PBXFileReference; lastKnownFileType = sourcecode.swift; path = LizBTests.swift; sourceTree = "<group>"; };
		5E38F929256582BE00A37A5F /* Info.plist */ = {isa = PBXFileReference; lastKnownFileType = text.plist.xml; path = Info.plist; sourceTree = "<group>"; };
		5E38F92E256582BE00A37A5F /* LizBUITests.xctest */ = {isa = PBXFileReference; explicitFileType = wrapper.cfbundle; includeInIndex = 0; path = LizBUITests.xctest; sourceTree = BUILT_PRODUCTS_DIR; };
		5E38F932256582BE00A37A5F /* LizBUITests.swift */ = {isa = PBXFileReference; lastKnownFileType = sourcecode.swift; path = LizBUITests.swift; sourceTree = "<group>"; };
		5E38F934256582BE00A37A5F /* Info.plist */ = {isa = PBXFileReference; lastKnownFileType = text.plist.xml; path = Info.plist; sourceTree = "<group>"; };
		5E38F9432565831100A37A5F /* GoogleService-Info.plist */ = {isa = PBXFileReference; fileEncoding = 4; lastKnownFileType = text.plist.xml; path = "GoogleService-Info.plist"; sourceTree = "<group>"; };
		5E3953152570C1C30079A81E /* FeedView.swift */ = {isa = PBXFileReference; lastKnownFileType = sourcecode.swift; path = FeedView.swift; sourceTree = "<group>"; };
		5E39531A2570C2080079A81E /* WorkoutView.swift */ = {isa = PBXFileReference; lastKnownFileType = sourcecode.swift; path = WorkoutView.swift; sourceTree = "<group>"; };
		5E39531F2570C2920079A81E /* ProfileView.swift */ = {isa = PBXFileReference; lastKnownFileType = sourcecode.swift; path = ProfileView.swift; sourceTree = "<group>"; };
		5E409CB5256F0C1300899A19 /* LoginView.swift */ = {isa = PBXFileReference; lastKnownFileType = sourcecode.swift; path = LoginView.swift; sourceTree = "<group>"; };
		5E409CBD256F0CA600899A19 /* SignupView.swift */ = {isa = PBXFileReference; lastKnownFileType = sourcecode.swift; path = SignupView.swift; sourceTree = "<group>"; };
		5E62397325705042008F24BA /* HomeView.swift */ = {isa = PBXFileReference; lastKnownFileType = sourcecode.swift; path = HomeView.swift; sourceTree = "<group>"; };
		6A17383F01FB5F5B30D7E1A9 /* Pods-LizB-LizBUITests.release.xcconfig */ = {isa = PBXFileReference; includeInIndex = 1; lastKnownFileType = text.xcconfig; name = "Pods-LizB-LizBUITests.release.xcconfig"; path = "Target Support Files/Pods-LizB-LizBUITests/Pods-LizB-LizBUITests.release.xcconfig"; sourceTree = "<group>"; };
		CD9B2C171467F35002847AB3 /* Pods_LizB_LizBUITests.framework */ = {isa = PBXFileReference; explicitFileType = wrapper.framework; includeInIndex = 0; path = Pods_LizB_LizBUITests.framework; sourceTree = BUILT_PRODUCTS_DIR; };
		EED46308A6EFD055888DAB16 /* Pods-LizBTests.debug.xcconfig */ = {isa = PBXFileReference; includeInIndex = 1; lastKnownFileType = text.xcconfig; name = "Pods-LizBTests.debug.xcconfig"; path = "Target Support Files/Pods-LizBTests/Pods-LizBTests.debug.xcconfig"; sourceTree = "<group>"; };
/* End PBXFileReference section */

/* Begin PBXFrameworksBuildPhase section */
		5E38F90F256582BC00A37A5F /* Frameworks */ = {
			isa = PBXFrameworksBuildPhase;
			buildActionMask = 2147483647;
			files = (
				47911A5264F83E6D542FAC04 /* Pods_LizB.framework in Frameworks */,
			);
			runOnlyForDeploymentPostprocessing = 0;
		};
		5E38F920256582BE00A37A5F /* Frameworks */ = {
			isa = PBXFrameworksBuildPhase;
			buildActionMask = 2147483647;
			files = (
				1ADC22B038B314AF77C1F6A0 /* Pods_LizBTests.framework in Frameworks */,
			);
			runOnlyForDeploymentPostprocessing = 0;
		};
		5E38F92B256582BE00A37A5F /* Frameworks */ = {
			isa = PBXFrameworksBuildPhase;
			buildActionMask = 2147483647;
			files = (
				4BB2DFE4EFB120909A59C63C /* Pods_LizB_LizBUITests.framework in Frameworks */,
			);
			runOnlyForDeploymentPostprocessing = 0;
		};
/* End PBXFrameworksBuildPhase section */

/* Begin PBXGroup section */
		19D3A2BDB3E8C505937D9A8C /* Frameworks */ = {
			isa = PBXGroup;
			children = (
				33B26F80EDC3C97E2BC44451 /* Pods_LizB.framework */,
				CD9B2C171467F35002847AB3 /* Pods_LizB_LizBUITests.framework */,
				49FC6A30504E8A4233E35BE3 /* Pods_LizBTests.framework */,
			);
			name = Frameworks;
			sourceTree = "<group>";
		};
		5E38F909256582BC00A37A5F = {
			isa = PBXGroup;
			children = (
				5E38F914256582BC00A37A5F /* LizB */,
				5E38F926256582BE00A37A5F /* LizBTests */,
				5E38F931256582BE00A37A5F /* LizBUITests */,
				5E38F913256582BC00A37A5F /* Products */,
				632B80F20424D9CB2A64CD04 /* Pods */,
				19D3A2BDB3E8C505937D9A8C /* Frameworks */,
			);
			sourceTree = "<group>";
		};
		5E38F913256582BC00A37A5F /* Products */ = {
			isa = PBXGroup;
			children = (
				5E38F912256582BC00A37A5F /* LizB.app */,
				5E38F923256582BE00A37A5F /* LizBTests.xctest */,
				5E38F92E256582BE00A37A5F /* LizBUITests.xctest */,
			);
			name = Products;
			sourceTree = "<group>";
		};
		5E38F914256582BC00A37A5F /* LizB */ = {
			isa = PBXGroup;
			children = (
				5E38F915256582BC00A37A5F /* LizBApp.swift */,
				5E38F917256582BC00A37A5F /* OpenView.swift */,
				5E62397325705042008F24BA /* HomeView.swift */,
				5E3953152570C1C30079A81E /* FeedView.swift */,
				5E409CBD256F0CA600899A19 /* SignupView.swift */,
				5E39531F2570C2920079A81E /* ProfileView.swift */,
				5E39531A2570C2080079A81E /* WorkoutView.swift */,
				5E409CB5256F0C1300899A19 /* LoginView.swift */,
				5E38F919256582BE00A37A5F /* Assets.xcassets */,
				5E38F9432565831100A37A5F /* GoogleService-Info.plist */,
				5E38F91E256582BE00A37A5F /* Info.plist */,
				5E38F91B256582BE00A37A5F /* Preview Content */,
			);
			path = LizB;
			sourceTree = "<group>";
		};
		5E38F91B256582BE00A37A5F /* Preview Content */ = {
			isa = PBXGroup;
			children = (
				5E38F91C256582BE00A37A5F /* Preview Assets.xcassets */,
			);
			path = "Preview Content";
			sourceTree = "<group>";
		};
		5E38F926256582BE00A37A5F /* LizBTests */ = {
			isa = PBXGroup;
			children = (
				5E38F927256582BE00A37A5F /* LizBTests.swift */,
				5E38F929256582BE00A37A5F /* Info.plist */,
			);
			path = LizBTests;
			sourceTree = "<group>";
		};
		5E38F931256582BE00A37A5F /* LizBUITests */ = {
			isa = PBXGroup;
			children = (
				5E38F932256582BE00A37A5F /* LizBUITests.swift */,
				5E38F934256582BE00A37A5F /* Info.plist */,
			);
			path = LizBUITests;
			sourceTree = "<group>";
		};
		632B80F20424D9CB2A64CD04 /* Pods */ = {
			isa = PBXGroup;
			children = (
				251416AA57EDC0F16609A212 /* Pods-LizB.debug.xcconfig */,
				3EED9C3F350FCDD24D1F8E6D /* Pods-LizB.release.xcconfig */,
				23DF3E9AFD38F2F4ABD0C89D /* Pods-LizB-LizBUITests.debug.xcconfig */,
				6A17383F01FB5F5B30D7E1A9 /* Pods-LizB-LizBUITests.release.xcconfig */,
				EED46308A6EFD055888DAB16 /* Pods-LizBTests.debug.xcconfig */,
				1534FD00B36B5A6D289A544F /* Pods-LizBTests.release.xcconfig */,
			);
			path = Pods;
			sourceTree = "<group>";
		};
/* End PBXGroup section */

/* Begin PBXNativeTarget section */
		5E38F911256582BC00A37A5F /* LizB */ = {
			isa = PBXNativeTarget;
			buildConfigurationList = 5E38F937256582BE00A37A5F /* Build configuration list for PBXNativeTarget "LizB" */;
			buildPhases = (
				5BC8F37FE94539CD2558CE00 /* [CP] Check Pods Manifest.lock */,
				5E38F90E256582BC00A37A5F /* Sources */,
				5E38F90F256582BC00A37A5F /* Frameworks */,
				5E38F910256582BC00A37A5F /* Resources */,
				0E22247A3EFC7CC395CC9F2C /* [CP] Embed Pods Frameworks */,
			);
			buildRules = (
			);
			dependencies = (
			);
			name = LizB;
			productName = LizB;
			productReference = 5E38F912256582BC00A37A5F /* LizB.app */;
			productType = "com.apple.product-type.application";
		};
		5E38F922256582BE00A37A5F /* LizBTests */ = {
			isa = PBXNativeTarget;
			buildConfigurationList = 5E38F93A256582BE00A37A5F /* Build configuration list for PBXNativeTarget "LizBTests" */;
			buildPhases = (
				4EED8B2E8BFEF2EC50BC4EAF /* [CP] Check Pods Manifest.lock */,
				5E38F91F256582BE00A37A5F /* Sources */,
				5E38F920256582BE00A37A5F /* Frameworks */,
				5E38F921256582BE00A37A5F /* Resources */,
			);
			buildRules = (
			);
			dependencies = (
				5E38F925256582BE00A37A5F /* PBXTargetDependency */,
			);
			name = LizBTests;
			productName = LizBTests;
			productReference = 5E38F923256582BE00A37A5F /* LizBTests.xctest */;
			productType = "com.apple.product-type.bundle.unit-test";
		};
		5E38F92D256582BE00A37A5F /* LizBUITests */ = {
			isa = PBXNativeTarget;
			buildConfigurationList = 5E38F93D256582BE00A37A5F /* Build configuration list for PBXNativeTarget "LizBUITests" */;
			buildPhases = (
				FC08835DA5FF824ABD36C290 /* [CP] Check Pods Manifest.lock */,
				5E38F92A256582BE00A37A5F /* Sources */,
				5E38F92B256582BE00A37A5F /* Frameworks */,
				5E38F92C256582BE00A37A5F /* Resources */,
				CEAD38FFC26493D80691B654 /* [CP] Embed Pods Frameworks */,
			);
			buildRules = (
			);
			dependencies = (
				5E38F930256582BE00A37A5F /* PBXTargetDependency */,
			);
			name = LizBUITests;
			productName = LizBUITests;
			productReference = 5E38F92E256582BE00A37A5F /* LizBUITests.xctest */;
			productType = "com.apple.product-type.bundle.ui-testing";
		};
/* End PBXNativeTarget section */

/* Begin PBXProject section */
		5E38F90A256582BC00A37A5F /* Project object */ = {
			isa = PBXProject;
			attributes = {
				LastSwiftUpdateCheck = 1220;
				LastUpgradeCheck = 1220;
				TargetAttributes = {
					5E38F911256582BC00A37A5F = {
						CreatedOnToolsVersion = 12.2;
					};
					5E38F922256582BE00A37A5F = {
						CreatedOnToolsVersion = 12.2;
						TestTargetID = 5E38F911256582BC00A37A5F;
					};
					5E38F92D256582BE00A37A5F = {
						CreatedOnToolsVersion = 12.2;
						TestTargetID = 5E38F911256582BC00A37A5F;
					};
				};
			};
			buildConfigurationList = 5E38F90D256582BC00A37A5F /* Build configuration list for PBXProject "LizB" */;
			compatibilityVersion = "Xcode 9.3";
			developmentRegion = en;
			hasScannedForEncodings = 0;
			knownRegions = (
				en,
				Base,
			);
			mainGroup = 5E38F909256582BC00A37A5F;
			productRefGroup = 5E38F913256582BC00A37A5F /* Products */;
			projectDirPath = "";
			projectRoot = "";
			targets = (
				5E38F911256582BC00A37A5F /* LizB */,
				5E38F922256582BE00A37A5F /* LizBTests */,
				5E38F92D256582BE00A37A5F /* LizBUITests */,
			);
		};
/* End PBXProject section */

/* Begin PBXResourcesBuildPhase section */
		5E38F910256582BC00A37A5F /* Resources */ = {
			isa = PBXResourcesBuildPhase;
			buildActionMask = 2147483647;
			files = (
				5E38F91D256582BE00A37A5F /* Preview Assets.xcassets in Resources */,
				5E38F91A256582BE00A37A5F /* Assets.xcassets in Resources */,
				5E38F9442565831100A37A5F /* GoogleService-Info.plist in Resources */,
			);
			runOnlyForDeploymentPostprocessing = 0;
		};
		5E38F921256582BE00A37A5F /* Resources */ = {
			isa = PBXResourcesBuildPhase;
			buildActionMask = 2147483647;
			files = (
			);
			runOnlyForDeploymentPostprocessing = 0;
		};
		5E38F92C256582BE00A37A5F /* Resources */ = {
			isa = PBXResourcesBuildPhase;
			buildActionMask = 2147483647;
			files = (
			);
			runOnlyForDeploymentPostprocessing = 0;
		};
/* End PBXResourcesBuildPhase section */

/* Begin PBXShellScriptBuildPhase section */
		0E22247A3EFC7CC395CC9F2C /* [CP] Embed Pods Frameworks */ = {
			isa = PBXShellScriptBuildPhase;
			buildActionMask = 2147483647;
			files = (
			);
			inputFileListPaths = (
				"${PODS_ROOT}/Target Support Files/Pods-LizB/Pods-LizB-frameworks-${CONFIGURATION}-input-files.xcfilelist",
			);
			name = "[CP] Embed Pods Frameworks";
			outputFileListPaths = (
				"${PODS_ROOT}/Target Support Files/Pods-LizB/Pods-LizB-frameworks-${CONFIGURATION}-output-files.xcfilelist",
			);
			runOnlyForDeploymentPostprocessing = 0;
			shellPath = /bin/sh;
			shellScript = "\"${PODS_ROOT}/Target Support Files/Pods-LizB/Pods-LizB-frameworks.sh\"\n";
			showEnvVarsInLog = 0;
		};
		4EED8B2E8BFEF2EC50BC4EAF /* [CP] Check Pods Manifest.lock */ = {
			isa = PBXShellScriptBuildPhase;
			buildActionMask = 2147483647;
			files = (
			);
			inputFileListPaths = (
			);
			inputPaths = (
				"${PODS_PODFILE_DIR_PATH}/Podfile.lock",
				"${PODS_ROOT}/Manifest.lock",
			);
			name = "[CP] Check Pods Manifest.lock";
			outputFileListPaths = (
			);
			outputPaths = (
				"$(DERIVED_FILE_DIR)/Pods-LizBTests-checkManifestLockResult.txt",
			);
			runOnlyForDeploymentPostprocessing = 0;
			shellPath = /bin/sh;
			shellScript = "diff \"${PODS_PODFILE_DIR_PATH}/Podfile.lock\" \"${PODS_ROOT}/Manifest.lock\" > /dev/null\nif [ $? != 0 ] ; then\n    # print error to STDERR\n    echo \"error: The sandbox is not in sync with the Podfile.lock. Run 'pod install' or update your CocoaPods installation.\" >&2\n    exit 1\nfi\n# This output is used by Xcode 'outputs' to avoid re-running this script phase.\necho \"SUCCESS\" > \"${SCRIPT_OUTPUT_FILE_0}\"\n";
			showEnvVarsInLog = 0;
		};
		5BC8F37FE94539CD2558CE00 /* [CP] Check Pods Manifest.lock */ = {
			isa = PBXShellScriptBuildPhase;
			buildActionMask = 2147483647;
			files = (
			);
			inputFileListPaths = (
			);
			inputPaths = (
				"${PODS_PODFILE_DIR_PATH}/Podfile.lock",
				"${PODS_ROOT}/Manifest.lock",
			);
			name = "[CP] Check Pods Manifest.lock";
			outputFileListPaths = (
			);
			outputPaths = (
				"$(DERIVED_FILE_DIR)/Pods-LizB-checkManifestLockResult.txt",
			);
			runOnlyForDeploymentPostprocessing = 0;
			shellPath = /bin/sh;
			shellScript = "diff \"${PODS_PODFILE_DIR_PATH}/Podfile.lock\" \"${PODS_ROOT}/Manifest.lock\" > /dev/null\nif [ $? != 0 ] ; then\n    # print error to STDERR\n    echo \"error: The sandbox is not in sync with the Podfile.lock. Run 'pod install' or update your CocoaPods installation.\" >&2\n    exit 1\nfi\n# This output is used by Xcode 'outputs' to avoid re-running this script phase.\necho \"SUCCESS\" > \"${SCRIPT_OUTPUT_FILE_0}\"\n";
			showEnvVarsInLog = 0;
		};
		CEAD38FFC26493D80691B654 /* [CP] Embed Pods Frameworks */ = {
			isa = PBXShellScriptBuildPhase;
			buildActionMask = 2147483647;
			files = (
			);
			inputFileListPaths = (
				"${PODS_ROOT}/Target Support Files/Pods-LizB-LizBUITests/Pods-LizB-LizBUITests-frameworks-${CONFIGURATION}-input-files.xcfilelist",
			);
			name = "[CP] Embed Pods Frameworks";
			outputFileListPaths = (
				"${PODS_ROOT}/Target Support Files/Pods-LizB-LizBUITests/Pods-LizB-LizBUITests-frameworks-${CONFIGURATION}-output-files.xcfilelist",
			);
			runOnlyForDeploymentPostprocessing = 0;
			shellPath = /bin/sh;
			shellScript = "\"${PODS_ROOT}/Target Support Files/Pods-LizB-LizBUITests/Pods-LizB-LizBUITests-frameworks.sh\"\n";
			showEnvVarsInLog = 0;
		};
		FC08835DA5FF824ABD36C290 /* [CP] Check Pods Manifest.lock */ = {
			isa = PBXShellScriptBuildPhase;
			buildActionMask = 2147483647;
			files = (
			);
			inputFileListPaths = (
			);
			inputPaths = (
				"${PODS_PODFILE_DIR_PATH}/Podfile.lock",
				"${PODS_ROOT}/Manifest.lock",
			);
			name = "[CP] Check Pods Manifest.lock";
			outputFileListPaths = (
			);
			outputPaths = (
				"$(DERIVED_FILE_DIR)/Pods-LizB-LizBUITests-checkManifestLockResult.txt",
			);
			runOnlyForDeploymentPostprocessing = 0;
			shellPath = /bin/sh;
			shellScript = "diff \"${PODS_PODFILE_DIR_PATH}/Podfile.lock\" \"${PODS_ROOT}/Manifest.lock\" > /dev/null\nif [ $? != 0 ] ; then\n    # print error to STDERR\n    echo \"error: The sandbox is not in sync with the Podfile.lock. Run 'pod install' or update your CocoaPods installation.\" >&2\n    exit 1\nfi\n# This output is used by Xcode 'outputs' to avoid re-running this script phase.\necho \"SUCCESS\" > \"${SCRIPT_OUTPUT_FILE_0}\"\n";
			showEnvVarsInLog = 0;
		};
/* End PBXShellScriptBuildPhase section */

/* Begin PBXSourcesBuildPhase section */
		5E38F90E256582BC00A37A5F /* Sources */ = {
			isa = PBXSourcesBuildPhase;
			buildActionMask = 2147483647;
			files = (
				5E3953202570C2920079A81E /* ProfileView.swift in Sources */,
				5E39531B2570C2080079A81E /* WorkoutView.swift in Sources */,
				5E409CBE256F0CA600899A19 /* SignupView.swift in Sources */,
				5E409CB6256F0C1300899A19 /* LoginView.swift in Sources */,
				5E38F918256582BC00A37A5F /* OpenView.swift in Sources */,
				5E62397425705042008F24BA /* HomeView.swift in Sources */,
				5E3953162570C1C30079A81E /* FeedView.swift in Sources */,
				5E38F916256582BC00A37A5F /* LizBApp.swift in Sources */,
			);
			runOnlyForDeploymentPostprocessing = 0;
		};
		5E38F91F256582BE00A37A5F /* Sources */ = {
			isa = PBXSourcesBuildPhase;
			buildActionMask = 2147483647;
			files = (
				5E38F928256582BE00A37A5F /* LizBTests.swift in Sources */,
			);
			runOnlyForDeploymentPostprocessing = 0;
		};
		5E38F92A256582BE00A37A5F /* Sources */ = {
			isa = PBXSourcesBuildPhase;
			buildActionMask = 2147483647;
			files = (
				5E38F933256582BE00A37A5F /* LizBUITests.swift in Sources */,
			);
			runOnlyForDeploymentPostprocessing = 0;
		};
/* End PBXSourcesBuildPhase section */

/* Begin PBXTargetDependency section */
		5E38F925256582BE00A37A5F /* PBXTargetDependency */ = {
			isa = PBXTargetDependency;
			target = 5E38F911256582BC00A37A5F /* LizB */;
			targetProxy = 5E38F924256582BE00A37A5F /* PBXContainerItemProxy */;
		};
		5E38F930256582BE00A37A5F /* PBXTargetDependency */ = {
			isa = PBXTargetDependency;
			target = 5E38F911256582BC00A37A5F /* LizB */;
			targetProxy = 5E38F92F256582BE00A37A5F /* PBXContainerItemProxy */;
		};
/* End PBXTargetDependency section */

/* Begin XCBuildConfiguration section */
		5E38F935256582BE00A37A5F /* Debug */ = {
			isa = XCBuildConfiguration;
			buildSettings = {
				ALWAYS_SEARCH_USER_PATHS = NO;
				CLANG_ANALYZER_NONNULL = YES;
				CLANG_ANALYZER_NUMBER_OBJECT_CONVERSION = YES_AGGRESSIVE;
				CLANG_CXX_LANGUAGE_STANDARD = "gnu++14";
				CLANG_CXX_LIBRARY = "libc++";
				CLANG_ENABLE_MODULES = YES;
				CLANG_ENABLE_OBJC_ARC = YES;
				CLANG_ENABLE_OBJC_WEAK = YES;
				CLANG_WARN_BLOCK_CAPTURE_AUTORELEASING = YES;
				CLANG_WARN_BOOL_CONVERSION = YES;
				CLANG_WARN_COMMA = YES;
				CLANG_WARN_CONSTANT_CONVERSION = YES;
				CLANG_WARN_DEPRECATED_OBJC_IMPLEMENTATIONS = YES;
				CLANG_WARN_DIRECT_OBJC_ISA_USAGE = YES_ERROR;
				CLANG_WARN_DOCUMENTATION_COMMENTS = YES;
				CLANG_WARN_EMPTY_BODY = YES;
				CLANG_WARN_ENUM_CONVERSION = YES;
				CLANG_WARN_INFINITE_RECURSION = YES;
				CLANG_WARN_INT_CONVERSION = YES;
				CLANG_WARN_NON_LITERAL_NULL_CONVERSION = YES;
				CLANG_WARN_OBJC_IMPLICIT_RETAIN_SELF = YES;
				CLANG_WARN_OBJC_LITERAL_CONVERSION = YES;
				CLANG_WARN_OBJC_ROOT_CLASS = YES_ERROR;
				CLANG_WARN_QUOTED_INCLUDE_IN_FRAMEWORK_HEADER = YES;
				CLANG_WARN_RANGE_LOOP_ANALYSIS = YES;
				CLANG_WARN_STRICT_PROTOTYPES = YES;
				CLANG_WARN_SUSPICIOUS_MOVE = YES;
				CLANG_WARN_UNGUARDED_AVAILABILITY = YES_AGGRESSIVE;
				CLANG_WARN_UNREACHABLE_CODE = YES;
				CLANG_WARN__DUPLICATE_METHOD_MATCH = YES;
				COPY_PHASE_STRIP = NO;
				DEBUG_INFORMATION_FORMAT = dwarf;
				ENABLE_STRICT_OBJC_MSGSEND = YES;
				ENABLE_TESTABILITY = YES;
				GCC_C_LANGUAGE_STANDARD = gnu11;
				GCC_DYNAMIC_NO_PIC = NO;
				GCC_NO_COMMON_BLOCKS = YES;
				GCC_OPTIMIZATION_LEVEL = 0;
				GCC_PREPROCESSOR_DEFINITIONS = (
					"DEBUG=1",
					"$(inherited)",
				);
				GCC_WARN_64_TO_32_BIT_CONVERSION = YES;
				GCC_WARN_ABOUT_RETURN_TYPE = YES_ERROR;
				GCC_WARN_UNDECLARED_SELECTOR = YES;
				GCC_WARN_UNINITIALIZED_AUTOS = YES_AGGRESSIVE;
				GCC_WARN_UNUSED_FUNCTION = YES;
				GCC_WARN_UNUSED_VARIABLE = YES;
				IPHONEOS_DEPLOYMENT_TARGET = 14.2;
				MTL_ENABLE_DEBUG_INFO = INCLUDE_SOURCE;
				MTL_FAST_MATH = YES;
				ONLY_ACTIVE_ARCH = YES;
				SDKROOT = iphoneos;
				SWIFT_ACTIVE_COMPILATION_CONDITIONS = DEBUG;
				SWIFT_OPTIMIZATION_LEVEL = "-Onone";
			};
			name = Debug;
		};
		5E38F936256582BE00A37A5F /* Release */ = {
			isa = XCBuildConfiguration;
			buildSettings = {
				ALWAYS_SEARCH_USER_PATHS = NO;
				CLANG_ANALYZER_NONNULL = YES;
				CLANG_ANALYZER_NUMBER_OBJECT_CONVERSION = YES_AGGRESSIVE;
				CLANG_CXX_LANGUAGE_STANDARD = "gnu++14";
				CLANG_CXX_LIBRARY = "libc++";
				CLANG_ENABLE_MODULES = YES;
				CLANG_ENABLE_OBJC_ARC = YES;
				CLANG_ENABLE_OBJC_WEAK = YES;
				CLANG_WARN_BLOCK_CAPTURE_AUTORELEASING = YES;
				CLANG_WARN_BOOL_CONVERSION = YES;
				CLANG_WARN_COMMA = YES;
				CLANG_WARN_CONSTANT_CONVERSION = YES;
				CLANG_WARN_DEPRECATED_OBJC_IMPLEMENTATIONS = YES;
				CLANG_WARN_DIRECT_OBJC_ISA_USAGE = YES_ERROR;
				CLANG_WARN_DOCUMENTATION_COMMENTS = YES;
				CLANG_WARN_EMPTY_BODY = YES;
				CLANG_WARN_ENUM_CONVERSION = YES;
				CLANG_WARN_INFINITE_RECURSION = YES;
				CLANG_WARN_INT_CONVERSION = YES;
				CLANG_WARN_NON_LITERAL_NULL_CONVERSION = YES;
				CLANG_WARN_OBJC_IMPLICIT_RETAIN_SELF = YES;
				CLANG_WARN_OBJC_LITERAL_CONVERSION = YES;
				CLANG_WARN_OBJC_ROOT_CLASS = YES_ERROR;
				CLANG_WARN_QUOTED_INCLUDE_IN_FRAMEWORK_HEADER = YES;
				CLANG_WARN_RANGE_LOOP_ANALYSIS = YES;
				CLANG_WARN_STRICT_PROTOTYPES = YES;
				CLANG_WARN_SUSPICIOUS_MOVE = YES;
				CLANG_WARN_UNGUARDED_AVAILABILITY = YES_AGGRESSIVE;
				CLANG_WARN_UNREACHABLE_CODE = YES;
				CLANG_WARN__DUPLICATE_METHOD_MATCH = YES;
				COPY_PHASE_STRIP = NO;
				DEBUG_INFORMATION_FORMAT = "dwarf-with-dsym";
				ENABLE_NS_ASSERTIONS = NO;
				ENABLE_STRICT_OBJC_MSGSEND = YES;
				GCC_C_LANGUAGE_STANDARD = gnu11;
				GCC_NO_COMMON_BLOCKS = YES;
				GCC_WARN_64_TO_32_BIT_CONVERSION = YES;
				GCC_WARN_ABOUT_RETURN_TYPE = YES_ERROR;
				GCC_WARN_UNDECLARED_SELECTOR = YES;
				GCC_WARN_UNINITIALIZED_AUTOS = YES_AGGRESSIVE;
				GCC_WARN_UNUSED_FUNCTION = YES;
				GCC_WARN_UNUSED_VARIABLE = YES;
				IPHONEOS_DEPLOYMENT_TARGET = 14.2;
				MTL_ENABLE_DEBUG_INFO = NO;
				MTL_FAST_MATH = YES;
				SDKROOT = iphoneos;
				SWIFT_COMPILATION_MODE = wholemodule;
				SWIFT_OPTIMIZATION_LEVEL = "-O";
				VALIDATE_PRODUCT = YES;
			};
			name = Release;
		};
		5E38F938256582BE00A37A5F /* Debug */ = {
			isa = XCBuildConfiguration;
			baseConfigurationReference = 251416AA57EDC0F16609A212 /* Pods-LizB.debug.xcconfig */;
			buildSettings = {
				ASSETCATALOG_COMPILER_APPICON_NAME = AppIcon;
				ASSETCATALOG_COMPILER_GLOBAL_ACCENT_COLOR_NAME = AccentColor;
				CODE_SIGN_STYLE = Automatic;
				DEVELOPMENT_ASSET_PATHS = "\"LizB/Preview Content\"";
				ENABLE_PREVIEWS = YES;
				INFOPLIST_FILE = LizB/Info.plist;
				IPHONEOS_DEPLOYMENT_TARGET = 14.0;
				LD_RUNPATH_SEARCH_PATHS = (
					"$(inherited)",
					"@executable_path/Frameworks",
				);
				PRODUCT_BUNDLE_IDENTIFIER = phyntriks.LizB;
				PRODUCT_NAME = "$(TARGET_NAME)";
				SWIFT_VERSION = 5.0;
				TARGETED_DEVICE_FAMILY = "1,2";
			};
			name = Debug;
		};
		5E38F939256582BE00A37A5F /* Release */ = {
			isa = XCBuildConfiguration;
			baseConfigurationReference = 3EED9C3F350FCDD24D1F8E6D /* Pods-LizB.release.xcconfig */;
			buildSettings = {
				ASSETCATALOG_COMPILER_APPICON_NAME = AppIcon;
				ASSETCATALOG_COMPILER_GLOBAL_ACCENT_COLOR_NAME = AccentColor;
				CODE_SIGN_STYLE = Automatic;
				DEVELOPMENT_ASSET_PATHS = "\"LizB/Preview Content\"";
				ENABLE_PREVIEWS = YES;
				INFOPLIST_FILE = LizB/Info.plist;
				IPHONEOS_DEPLOYMENT_TARGET = 14.0;
				LD_RUNPATH_SEARCH_PATHS = (
					"$(inherited)",
					"@executable_path/Frameworks",
				);
				PRODUCT_BUNDLE_IDENTIFIER = phyntriks.LizB;
				PRODUCT_NAME = "$(TARGET_NAME)";
				SWIFT_VERSION = 5.0;
				TARGETED_DEVICE_FAMILY = "1,2";
			};
			name = Release;
		};
		5E38F93B256582BE00A37A5F /* Debug */ = {
			isa = XCBuildConfiguration;
			baseConfigurationReference = EED46308A6EFD055888DAB16 /* Pods-LizBTests.debug.xcconfig */;
			buildSettings = {
				ALWAYS_EMBED_SWIFT_STANDARD_LIBRARIES = YES;
				BUNDLE_LOADER = "$(TEST_HOST)";
				CODE_SIGN_STYLE = Automatic;
				INFOPLIST_FILE = LizBTests/Info.plist;
				IPHONEOS_DEPLOYMENT_TARGET = 14.0;
				LD_RUNPATH_SEARCH_PATHS = (
					"$(inherited)",
					"@executable_path/Frameworks",
					"@loader_path/Frameworks",
				);
				PRODUCT_BUNDLE_IDENTIFIER = phyntriks.LizBTests;
				PRODUCT_NAME = "$(TARGET_NAME)";
				SWIFT_VERSION = 5.0;
				TARGETED_DEVICE_FAMILY = "1,2";
				TEST_HOST = "$(BUILT_PRODUCTS_DIR)/LizB.app/LizB";
			};
			name = Debug;
		};
		5E38F93C256582BE00A37A5F /* Release */ = {
			isa = XCBuildConfiguration;
			baseConfigurationReference = 1534FD00B36B5A6D289A544F /* Pods-LizBTests.release.xcconfig */;
			buildSettings = {
				ALWAYS_EMBED_SWIFT_STANDARD_LIBRARIES = YES;
				BUNDLE_LOADER = "$(TEST_HOST)";
				CODE_SIGN_STYLE = Automatic;
				INFOPLIST_FILE = LizBTests/Info.plist;
				IPHONEOS_DEPLOYMENT_TARGET = 14.0;
				LD_RUNPATH_SEARCH_PATHS = (
					"$(inherited)",
					"@executable_path/Frameworks",
					"@loader_path/Frameworks",
				);
				PRODUCT_BUNDLE_IDENTIFIER = phyntriks.LizBTests;
				PRODUCT_NAME = "$(TARGET_NAME)";
				SWIFT_VERSION = 5.0;
				TARGETED_DEVICE_FAMILY = "1,2";
				TEST_HOST = "$(BUILT_PRODUCTS_DIR)/LizB.app/LizB";
			};
			name = Release;
		};
		5E38F93E256582BE00A37A5F /* Debug */ = {
			isa = XCBuildConfiguration;
			baseConfigurationReference = 23DF3E9AFD38F2F4ABD0C89D /* Pods-LizB-LizBUITests.debug.xcconfig */;
			buildSettings = {
				ALWAYS_EMBED_SWIFT_STANDARD_LIBRARIES = YES;
				CODE_SIGN_STYLE = Automatic;
				INFOPLIST_FILE = LizBUITests/Info.plist;
				LD_RUNPATH_SEARCH_PATHS = (
					"$(inherited)",
					"@executable_path/Frameworks",
					"@loader_path/Frameworks",
				);
				PRODUCT_BUNDLE_IDENTIFIER = phyntriks.LizBUITests;
				PRODUCT_NAME = "$(TARGET_NAME)";
				SWIFT_VERSION = 5.0;
				TARGETED_DEVICE_FAMILY = "1,2";
				TEST_TARGET_NAME = LizB;
			};
			name = Debug;
		};
		5E38F93F256582BE00A37A5F /* Release */ = {
			isa = XCBuildConfiguration;
			baseConfigurationReference = 6A17383F01FB5F5B30D7E1A9 /* Pods-LizB-LizBUITests.release.xcconfig */;
			buildSettings = {
				ALWAYS_EMBED_SWIFT_STANDARD_LIBRARIES = YES;
				CODE_SIGN_STYLE = Automatic;
				INFOPLIST_FILE = LizBUITests/Info.plist;
				LD_RUNPATH_SEARCH_PATHS = (
					"$(inherited)",
					"@executable_path/Frameworks",
					"@loader_path/Frameworks",
				);
				PRODUCT_BUNDLE_IDENTIFIER = phyntriks.LizBUITests;
				PRODUCT_NAME = "$(TARGET_NAME)";
				SWIFT_VERSION = 5.0;
				TARGETED_DEVICE_FAMILY = "1,2";
				TEST_TARGET_NAME = LizB;
			};
			name = Release;
		};
/* End XCBuildConfiguration section */

/* Begin XCConfigurationList section */
		5E38F90D256582BC00A37A5F /* Build configuration list for PBXProject "LizB" */ = {
			isa = XCConfigurationList;
			buildConfigurations = (
				5E38F935256582BE00A37A5F /* Debug */,
				5E38F936256582BE00A37A5F /* Release */,
			);
			defaultConfigurationIsVisible = 0;
			defaultConfigurationName = Release;
		};
		5E38F937256582BE00A37A5F /* Build configuration list for PBXNativeTarget "LizB" */ = {
			isa = XCConfigurationList;
			buildConfigurations = (
				5E38F938256582BE00A37A5F /* Debug */,
				5E38F939256582BE00A37A5F /* Release */,
			);
			defaultConfigurationIsVisible = 0;
			defaultConfigurationName = Release;
		};
		5E38F93A256582BE00A37A5F /* Build configuration list for PBXNativeTarget "LizBTests" */ = {
			isa = XCConfigurationList;
			buildConfigurations = (
				5E38F93B256582BE00A37A5F /* Debug */,
				5E38F93C256582BE00A37A5F /* Release */,
			);
			defaultConfigurationIsVisible = 0;
			defaultConfigurationName = Release;
		};
		5E38F93D256582BE00A37A5F /* Build configuration list for PBXNativeTarget "LizBUITests" */ = {
			isa = XCConfigurationList;
			buildConfigurations = (
				5E38F93E256582BE00A37A5F /* Debug */,
				5E38F93F256582BE00A37A5F /* Release */,
			);
			defaultConfigurationIsVisible = 0;
			defaultConfigurationName = Release;
		};
/* End XCConfigurationList section */
	};
	rootObject = 5E38F90A256582BC00A37A5F /* Project object */;
}
